
Microsoft Visual Studio Solution File, Format Version 11.00
# Visual Studio 2010
Project("{FAE04EC0-301F-11D3-BF4B-00C04F79EFBC}") = "Assembly-CSharp", "Assembly-CSharp.csproj", "{C470D4F5-02B3-A474-9959-A0C081B8E522}"
EndProject
Project("{FAE04EC0-301F-11D3-BF4B-00C04F79EFBC}") = "Assembly-CSharp-firstpass", "Assembly-CSharp-firstpass.csproj", "{B3C335A4-8E84-BE0B-6B79-BA799639CA69}"
EndProject
Project("{FAE04EC0-301F-11D3-BF4B-00C04F79EFBC}") = "Assembly-CSharp-Editor-firstpass", "Assembly-CSharp-Editor-firstpass.csproj", "{D36B4FA7-31C9-8EDE-6676-148D23E7725E}"
EndProject
Global
	GlobalSection(SolutionConfigurationPlatforms) = preSolution
		Debug|Any CPU = Debug|Any CPU
		Release|Any CPU = Release|Any CPU
	EndGlobalSection
	GlobalSection(ProjectConfigurationPlatforms) = postSolution
		{C470D4F5-02B3-A474-9959-A0C081B8E522}.Debug|Any CPU.ActiveCfg = Debug|Any CPU
		{C470D4F5-02B3-A474-9959-A0C081B8E522}.Debug|Any CPU.Build.0 = Debug|Any CPU
		{C470D4F5-02B3-A474-9959-A0C081B8E522}.Release|Any CPU.ActiveCfg = Release|Any CPU
		{C470D4F5-02B3-A474-9959-A0C081B8E522}.Release|Any CPU.Build.0 = Release|Any CPU
		{B3C335A4-8E84-BE0B-6B79-BA799639CA69}.Debug|Any CPU.ActiveCfg = Debug|Any CPU
		{B3C335A4-8E84-BE0B-6B79-BA799639CA69}.Debug|Any CPU.Build.0 = Debug|Any CPU
		{B3C335A4-8E84-BE0B-6B79-BA799639CA69}.Release|Any CPU.ActiveCfg = Release|Any CPU
		{B3C335A4-8E84-BE0B-6B79-BA799639CA69}.Release|Any CPU.Build.0 = Release|Any CPU
		{D36B4FA7-31C9-8EDE-6676-148D23E7725E}.Debug|Any CPU.ActiveCfg = Debug|Any CPU
		{D36B4FA7-31C9-8EDE-6676-148D23E7725E}.Debug|Any CPU.Build.0 = Debug|Any CPU
		{D36B4FA7-31C9-8EDE-6676-148D23E7725E}.Release|Any CPU.ActiveCfg = Release|Any CPU
		{D36B4FA7-31C9-8EDE-6676-148D23E7725E}.Release|Any CPU.Build.0 = Release|Any CPU
	EndGlobalSection
	GlobalSection(SolutionProperties) = preSolution
		HideSolutionNode = FALSE
	EndGlobalSection
EndGlobal
